// !$*UTF8*$!
{
	archiveVersion = 1;
	classes = {
	};
	objectVersion = 48;
	objects = {

/* Begin PBXBuildFile section */
		60BBE4701FEE68D900D59D89 /* AppDelegate.swift in Sources */ = {isa = PBXBuildFile; fileRef = 60BBE46F1FEE68D900D59D89 /* AppDelegate.swift */; };
		60BBE4721FEE68D900D59D89 /* ViewController.swift in Sources */ = {isa = PBXBuildFile; fileRef = 60BBE4711FEE68D900D59D89 /* ViewController.swift */; };
		60BBE4751FEE68D900D59D89 /* Main.storyboard in Resources */ = {isa = PBXBuildFile; fileRef = 60BBE4731FEE68D900D59D89 /* Main.storyboard */; };
		60BBE4771FEE68D900D59D89 /* Assets.xcassets in Resources */ = {isa = PBXBuildFile; fileRef = 60BBE4761FEE68D900D59D89 /* Assets.xcassets */; };
		60BBE47A1FEE68D900D59D89 /* LaunchScreen.storyboard in Resources */ = {isa = PBXBuildFile; fileRef = 60BBE4781FEE68D900D59D89 /* LaunchScreen.storyboard */; };
		60BBE4851FEE68D900D59D89 /* WorldTrotterBNRTests.swift in Sources */ = {isa = PBXBuildFile; fileRef = 60BBE4841FEE68D900D59D89 /* WorldTrotterBNRTests.swift */; };
		60BBE4901FEE68D900D59D89 /* WorldTrotterBNRUITests.swift in Sources */ = {isa = PBXBuildFile; fileRef = 60BBE48F1FEE68D900D59D89 /* WorldTrotterBNRUITests.swift */; };
/* End PBXBuildFile section */

/* Begin PBXContainerItemProxy section */
		60BBE4811FEE68D900D59D89 /* PBXContainerItemProxy */ = {
			isa = PBXContainerItemProxy;
			containerPortal = 60BBE4641FEE68D900D59D89 /* Project object */;
			proxyType = 1;
			remoteGlobalIDString = 60BBE46B1FEE68D900D59D89;
			remoteInfo = WorldTrotterBNR;
		};
		60BBE48C1FEE68D900D59D89 /* PBXContainerItemProxy */ = {
			isa = PBXContainerItemProxy;
			containerPortal = 60BBE4641FEE68D900D59D89 /* Project object */;
			proxyType = 1;
			remoteGlobalIDString = 60BBE46B1FEE68D900D59D89;
			remoteInfo = WorldTrotterBNR;
		};
/* End PBXContainerItemProxy section */

/* Begin PBXFileReference section */
		60BBE46C1FEE68D900D59D89 /* WorldTrotterBNR.app */ = {isa = PBXFileReference; explicitFileType = wrapper.application; includeInIndex = 0; path = WorldTrotterBNR.app; sourceTree = BUILT_PRODUCTS_DIR; };
		60BBE46F1FEE68D900D59D89 /* AppDelegate.swift */ = {isa = PBXFileReference; lastKnownFileType = sourcecode.swift; path = AppDelegate.swift; sourceTree = "<group>"; };
		60BBE4711FEE68D900D59D89 /* ViewController.swift */ = {isa = PBXFileReference; lastKnownFileType = sourcecode.swift; path = ViewController.swift; sourceTree = "<group>"; };
		60BBE4741FEE68D900D59D89 /* Base */ = {isa = PBXFileReference; lastKnownFileType = file.storyboard; name = Base; path = Base.lproj/Main.storyboard; sourceTree = "<group>"; };
		60BBE4761FEE68D900D59D89 /* Assets.xcassets */ = {isa = PBXFileReference; lastKnownFileType = folder.assetcatalog; path = Assets.xcassets; sourceTree = "<group>"; };
		60BBE4791FEE68D900D59D89 /* Base */ = {isa = PBXFileReference; lastKnownFileType = file.storyboard; name = Base; path = Base.lproj/LaunchScreen.storyboard; sourceTree = "<group>"; };
		60BBE47B1FEE68D900D59D89 /* Info.plist */ = {isa = PBXFileReference; lastKnownFileType = text.plist.xml; path = Info.plist; sourceTree = "<group>"; };
		60BBE4801FEE68D900D59D89 /* WorldTrotterBNRTests.xctest */ = {isa = PBXFileReference; explicitFileType = wrapper.cfbundle; includeInIndex = 0; path = WorldTrotterBNRTests.xctest; sourceTree = BUILT_PRODUCTS_DIR; };
		60BBE4841FEE68D900D59D89 /* WorldTrotterBNRTests.swift */ = {isa = PBXFileReference; lastKnownFileType = sourcecode.swift; path = WorldTrotterBNRTests.swift; sourceTree = "<group>"; };
		60BBE4861FEE68D900D59D89 /* Info.plist */ = {isa = PBXFileReference; lastKnownFileType = text.plist.xml; path = Info.plist; sourceTree = "<group>"; };
		60BBE48B1FEE68D900D59D89 /* WorldTrotterBNRUITests.xctest */ = {isa = PBXFileReference; explicitFileType = wrapper.cfbundle; includeInIndex = 0; path = WorldTrotterBNRUITests.xctest; sourceTree = BUILT_PRODUCTS_DIR; };
		60BBE48F1FEE68D900D59D89 /* WorldTrotterBNRUITests.swift */ = {isa = PBXFileReference; lastKnownFileType = sourcecode.swift; path = WorldTrotterBNRUITests.swift; sourceTree = "<group>"; };
		60BBE4911FEE68D900D59D89 /* Info.plist */ = {isa = PBXFileReference; lastKnownFileType = text.plist.xml; path = Info.plist; sourceTree = "<group>"; };
/* End PBXFileReference section */

/* Begin PBXFrameworksBuildPhase section */
		60BBE4691FEE68D900D59D89 /* Frameworks */ = {
			isa = PBXFrameworksBuildPhase;
			buildActionMask = 2147483647;
			files = (
			);
			runOnlyForDeploymentPostprocessing = 0;
		};
		60BBE47D1FEE68D900D59D89 /* Frameworks */ = {
			isa = PBXFrameworksBuildPhase;
			buildActionMask = 2147483647;
			files = (
			);
			runOnlyForDeploymentPostprocessing = 0;
		};
		60BBE4881FEE68D900D59D89 /* Frameworks */ = {
			isa = PBXFrameworksBuildPhase;
			buildActionMask = 2147483647;
			files = (
			);
			runOnlyForDeploymentPostprocessing = 0;
		};
/* End PBXFrameworksBuildPhase section */

/* Begin PBXGroup section */
		60BBE4631FEE68D900D59D89 = {
			isa = PBXGroup;
			children = (
				60BBE46E1FEE68D900D59D89 /* WorldTrotterBNR */,
				60BBE4831FEE68D900D59D89 /* WorldTrotterBNRTests */,
				60BBE48E1FEE68D900D59D89 /* WorldTrotterBNRUITests */,
				60BBE46D1FEE68D900D59D89 /* Products */,
			);
			sourceTree = "<group>";
		};
		60BBE46D1FEE68D900D59D89 /* Products */ = {
			isa = PBXGroup;
			children = (
				60BBE46C1FEE68D900D59D89 /* WorldTrotterBNR.app */,
				60BBE4801FEE68D900D59D89 /* WorldTrotterBNRTests.xctest */,
				60BBE48B1FEE68D900D59D89 /* WorldTrotterBNRUITests.xctest */,
			);
			name = Products;
			sourceTree = "<group>";
		};
		60BBE46E1FEE68D900D59D89 /* WorldTrotterBNR */ = {
			isa = PBXGroup;
			children = (
				60BBE46F1FEE68D900D59D89 /* AppDelegate.swift */,
				60BBE4711FEE68D900D59D89 /* ViewController.swift */,
				60BBE4731FEE68D900D59D89 /* Main.storyboard */,
				60BBE4761FEE68D900D59D89 /* Assets.xcassets */,
				60BBE4781FEE68D900D59D89 /* LaunchScreen.storyboard */,
				60BBE47B1FEE68D900D59D89 /* Info.plist */,
			);
			path = WorldTrotterBNR;
			sourceTree = "<group>";
		};
		60BBE4831FEE68D900D59D89 /* WorldTrotterBNRTests */ = {
			isa = PBXGroup;
			children = (
				60BBE4841FEE68D900D59D89 /* WorldTrotterBNRTests.swift */,
				60BBE4861FEE68D900D59D89 /* Info.plist */,
			);
			path = WorldTrotterBNRTests;
			sourceTree = "<group>";
		};
		60BBE48E1FEE68D900D59D89 /* WorldTrotterBNRUITests */ = {
			isa = PBXGroup;
			children = (
				60BBE48F1FEE68D900D59D89 /* WorldTrotterBNRUITests.swift */,
				60BBE4911FEE68D900D59D89 /* Info.plist */,
			);
			path = WorldTrotterBNRUITests;
			sourceTree = "<group>";
		};
/* End PBXGroup section */

/* Begin PBXNativeTarget section */
		60BBE46B1FEE68D900D59D89 /* WorldTrotterBNR */ = {
			isa = PBXNativeTarget;
			buildConfigurationList = 60BBE4941FEE68D900D59D89 /* Build configuration list for PBXNativeTarget "WorldTrotterBNR" */;
			buildPhases = (
				60BBE4681FEE68D900D59D89 /* Sources */,
				60BBE4691FEE68D900D59D89 /* Frameworks */,
				60BBE46A1FEE68D900D59D89 /* Resources */,
			);
			buildRules = (
			);
			dependencies = (
			);
			name = WorldTrotterBNR;
			productName = WorldTrotterBNR;
			productReference = 60BBE46C1FEE68D900D59D89 /* WorldTrotterBNR.app */;
			productType = "com.apple.product-type.application";
		};
		60BBE47F1FEE68D900D59D89 /* WorldTrotterBNRTests */ = {
			isa = PBXNativeTarget;
			buildConfigurationList = 60BBE4971FEE68D900D59D89 /* Build configuration list for PBXNativeTarget "WorldTrotterBNRTests" */;
			buildPhases = (
				60BBE47C1FEE68D900D59D89 /* Sources */,
				60BBE47D1FEE68D900D59D89 /* Frameworks */,
				60BBE47E1FEE68D900D59D89 /* Resources */,
			);
			buildRules = (
			);
			dependencies = (
				60BBE4821FEE68D900D59D89 /* PBXTargetDependency */,
			);
			name = WorldTrotterBNRTests;
			productName = WorldTrotterBNRTests;
			productReference = 60BBE4801FEE68D900D59D89 /* WorldTrotterBNRTests.xctest */;
			productType = "com.apple.product-type.bundle.unit-test";
		};
		60BBE48A1FEE68D900D59D89 /* WorldTrotterBNRUITests */ = {
			isa = PBXNativeTarget;
			buildConfigurationList = 60BBE49A1FEE68D900D59D89 /* Build configuration list for PBXNativeTarget "WorldTrotterBNRUITests" */;
			buildPhases = (
				60BBE4871FEE68D900D59D89 /* Sources */,
				60BBE4881FEE68D900D59D89 /* Frameworks */,
				60BBE4891FEE68D900D59D89 /* Resources */,
			);
			buildRules = (
			);
			dependencies = (
				60BBE48D1FEE68D900D59D89 /* PBXTargetDependency */,
			);
			name = WorldTrotterBNRUITests;
			productName = WorldTrotterBNRUITests;
			productReference = 60BBE48B1FEE68D900D59D89 /* WorldTrotterBNRUITests.xctest */;
			productType = "com.apple.product-type.bundle.ui-testing";
		};
/* End PBXNativeTarget section */

/* Begin PBXProject section */
		60BBE4641FEE68D900D59D89 /* Project object */ = {
			isa = PBXProject;
			attributes = {
				LastSwiftUpdateCheck = 0920;
				LastUpgradeCheck = 0920;
				ORGANIZATIONNAME = "Anatoliy Chernyuk";
				TargetAttributes = {
					60BBE46B1FEE68D900D59D89 = {
						CreatedOnToolsVersion = 9.2;
						ProvisioningStyle = Automatic;
					};
					60BBE47F1FEE68D900D59D89 = {
						CreatedOnToolsVersion = 9.2;
						ProvisioningStyle = Automatic;
						TestTargetID = 60BBE46B1FEE68D900D59D89;
					};
					60BBE48A1FEE68D900D59D89 = {
						CreatedOnToolsVersion = 9.2;
						ProvisioningStyle = Automatic;
						TestTargetID = 60BBE46B1FEE68D900D59D89;
					};
				};
			};
			buildConfigurationList = 60BBE4671FEE68D900D59D89 /* Build configuration list for PBXProject "WorldTrotterBNR" */;
			compatibilityVersion = "Xcode 8.0";
			developmentRegion = en;
			hasScannedForEncodings = 0;
			knownRegions = (
				en,
				Base,
			);
			mainGroup = 60BBE4631FEE68D900D59D89;
			productRefGroup = 60BBE46D1FEE68D900D59D89 /* Products */;
			projectDirPath = "";
			projectRoot = "";
			targets = (
				60BBE46B1FEE68D900D59D89 /* WorldTrotterBNR */,
				60BBE47F1FEE68D900D59D89 /* WorldTrotterBNRTests */,
				60BBE48A1FEE68D900D59D89 /* WorldTrotterBNRUITests */,
			);
		};
/* End PBXProject section */

/* Begin PBXResourcesBuildPhase section */
		60BBE46A1FEE68D900D59D89 /* Resources */ = {
			isa = PBXResourcesBuildPhase;
			buildActionMask = 2147483647;
			files = (
				60BBE47A1FEE68D900D59D89 /* LaunchScreen.storyboard in Resources */,
				60BBE4771FEE68D900D59D89 /* Assets.xcassets in Resources */,
				60BBE4751FEE68D900D59D89 /* Main.storyboard in Resources */,
			);
			runOnlyForDeploymentPostprocessing = 0;
		};
		60BBE47E1FEE68D900D59D89 /* Resources */ = {
			isa = PBXResourcesBuildPhase;
			buildActionMask = 2147483647;
			files = (
			);
			runOnlyForDeploymentPostprocessing = 0;
		};
		60BBE4891FEE68D900D59D89 /* Resources */ = {
			isa = PBXResourcesBuildPhase;
			buildActionMask = 2147483647;
			files = (
			);
			runOnlyForDeploymentPostprocessing = 0;
		};
/* End PBXResourcesBuildPhase section */

/* Begin PBXSourcesBuildPhase section */
		60BBE4681FEE68D900D59D89 /* Sources */ = {
			isa = PBXSourcesBuildPhase;
			buildActionMask = 2147483647;
			files = (
				60BBE4721FEE68D900D59D89 /* ViewController.swift in Sources */,
				60BBE4701FEE68D900D59D89 /* AppDelegate.swift in Sources */,
			);
			runOnlyForDeploymentPostprocessing = 0;
		};
		60BBE47C1FEE68D900D59D89 /* Sources */ = {
			isa = PBXSourcesBuildPhase;
			buildActionMask = 2147483647;
			files = (
				60BBE4851FEE68D900D59D89 /* WorldTrotterBNRTests.swift in Sources */,
			);
			runOnlyForDeploymentPostprocessing = 0;
		};
		60BBE4871FEE68D900D59D89 /* Sources */ = {
			isa = PBXSourcesBuildPhase;
			buildActionMask = 2147483647;
			files = (
				60BBE4901FEE68D900D59D89 /* WorldTrotterBNRUITests.swift in Sources */,
			);
			runOnlyForDeploymentPostprocessing = 0;
		};
/* End PBXSourcesBuildPhase section */

/* Begin PBXTargetDependency section */
		60BBE4821FEE68D900D59D89 /* PBXTargetDependency */ = {
			isa = PBXTargetDependency;
			target = 60BBE46B1FEE68D900D59D89 /* WorldTrotterBNR */;
			targetProxy = 60BBE4811FEE68D900D59D89 /* PBXContainerItemProxy */;
		};
		60BBE48D1FEE68D900D59D89 /* PBXTargetDependency */ = {
			isa = PBXTargetDependency;
			target = 60BBE46B1FEE68D900D59D89 /* WorldTrotterBNR */;
			targetProxy = 60BBE48C1FEE68D900D59D89 /* PBXContainerItemProxy */;
		};
/* End PBXTargetDependency section */

/* Begin PBXVariantGroup section */
		60BBE4731FEE68D900D59D89 /* Main.storyboard */ = {
			isa = PBXVariantGroup;
			children = (
				60BBE4741FEE68D900D59D89 /* Base */,
			);
			name = Main.storyboard;
			sourceTree = "<group>";
		};
		60BBE4781FEE68D900D59D89 /* LaunchScreen.storyboard */ = {
			isa = PBXVariantGroup;
			children = (
				60BBE4791FEE68D900D59D89 /* Base */,
			);
			name = LaunchScreen.storyboard;
			sourceTree = "<group>";
		};
/* End PBXVariantGroup section */

/* Begin XCBuildConfiguration section */
		60BBE4921FEE68D900D59D89 /* Debug */ = {
			isa = XCBuildConfiguration;
			buildSettings = {
				ALWAYS_SEARCH_USER_PATHS = NO;
				CLANG_ANALYZER_NONNULL = YES;
				CLANG_ANALYZER_NUMBER_OBJECT_CONVERSION = YES_AGGRESSIVE;
				CLANG_CXX_LANGUAGE_STANDARD = "gnu++14";
				CLANG_CXX_LIBRARY = "libc++";
				CLANG_ENABLE_MODULES = YES;
				CLANG_ENABLE_OBJC_ARC = YES;
				CLANG_WARN_BLOCK_CAPTURE_AUTORELEASING = YES;
				CLANG_WARN_BOOL_CONVERSION = YES;
				CLANG_WARN_COMMA = YES;
				CLANG_WARN_CONSTANT_CONVERSION = YES;
				CLANG_WARN_DIRECT_OBJC_ISA_USAGE = YES_ERROR;
				CLANG_WARN_DOCUMENTATION_COMMENTS = YES;
				CLANG_WARN_EMPTY_BODY = YES;
				CLANG_WARN_ENUM_CONVERSION = YES;
				CLANG_WARN_INFINITE_RECURSION = YES;
				CLANG_WARN_INT_CONVERSION = YES;
				CLANG_WARN_NON_LITERAL_NULL_CONVERSION = YES;
				CLANG_WARN_OBJC_LITERAL_CONVERSION = YES;
				CLANG_WARN_OBJC_ROOT_CLASS = YES_ERROR;
				CLANG_WARN_RANGE_LOOP_ANALYSIS = YES;
				CLANG_WARN_STRICT_PROTOTYPES = YES;
				CLANG_WARN_SUSPICIOUS_MOVE = YES;
				CLANG_WARN_UNGUARDED_AVAILABILITY = YES_AGGRESSIVE;
				CLANG_WARN_UNREACHABLE_CODE = YES;
				CLANG_WARN__DUPLICATE_METHOD_MATCH = YES;
				CODE_SIGN_IDENTITY = "iPhone Developer";
				COPY_PHASE_STRIP = NO;
				DEBUG_INFORMATION_FORMAT = dwarf;
				ENABLE_STRICT_OBJC_MSGSEND = YES;
				ENABLE_TESTABILITY = YES;
				GCC_C_LANGUAGE_STANDARD = gnu11;
				GCC_DYNAMIC_NO_PIC = NO;
				GCC_NO_COMMON_BLOCKS = YES;
				GCC_OPTIMIZATION_LEVEL = 0;
				GCC_PREPROCESSOR_DEFINITIONS = (
					"DEBUG=1",
					"$(inherited)",
				);
				GCC_WARN_64_TO_32_BIT_CONVERSION = YES;
				GCC_WARN_ABOUT_RETURN_TYPE = YES_ERROR;
				GCC_WARN_UNDECLARED_SELECTOR = YES;
				GCC_WARN_UNINITIALIZED_AUTOS = YES_AGGRESSIVE;
				GCC_WARN_UNUSED_FUNCTION = YES;
				GCC_WARN_UNUSED_VARIABLE = YES;
				IPHONEOS_DEPLOYMENT_TARGET = 11.2;
				MTL_ENABLE_DEBUG_INFO = YES;
				ONLY_ACTIVE_ARCH = YES;
				SDKROOT = iphoneos;
				SWIFT_ACTIVE_COMPILATION_CONDITIONS = DEBUG;
				SWIFT_OPTIMIZATION_LEVEL = "-Onone";
			};
			name = Debug;
		};
		60BBE4931FEE68D900D59D89 /* Release */ = {
			isa = XCBuildConfiguration;
			buildSettings = {
				ALWAYS_SEARCH_USER_PATHS = NO;
				CLANG_ANALYZER_NONNULL = YES;
				CLANG_ANALYZER_NUMBER_OBJECT_CONVERSION = YES_AGGRESSIVE;
				CLANG_CXX_LANGUAGE_STANDARD = "gnu++14";
				CLANG_CXX_LIBRARY = "libc++";
				CLANG_ENABLE_MODULES = YES;
				CLANG_ENABLE_OBJC_ARC = YES;
				CLANG_WARN_BLOCK_CAPTURE_AUTORELEASING = YES;
				CLANG_WARN_BOOL_CONVERSION = YES;
				CLANG_WARN_COMMA = YES;
				CLANG_WARN_CONSTANT_CONVERSION = YES;
				CLANG_WARN_DIRECT_OBJC_ISA_USAGE = YES_ERROR;
				CLANG_WARN_DOCUMENTATION_COMMENTS = YES;
				CLANG_WARN_EMPTY_BODY = YES;
				CLANG_WARN_ENUM_CONVERSION = YES;
				CLANG_WARN_INFINITE_RECURSION = YES;
				CLANG_WARN_INT_CONVERSION = YES;
				CLANG_WARN_NON_LITERAL_NULL_CONVERSION = YES;
				CLANG_WARN_OBJC_LITERAL_CONVERSION = YES;
				CLANG_WARN_OBJC_ROOT_CLASS = YES_ERROR;
				CLANG_WARN_RANGE_LOOP_ANALYSIS = YES;
				CLANG_WARN_STRICT_PROTOTYPES = YES;
				CLANG_WARN_SUSPICIOUS_MOVE = YES;
				CLANG_WARN_UNGUARDED_AVAILABILITY = YES_AGGRESSIVE;
				CLANG_WARN_UNREACHABLE_CODE = YES;
				CLANG_WARN__DUPLICATE_METHOD_MATCH = YES;
				CODE_SIGN_IDENTITY = "iPhone Developer";
				COPY_PHASE_STRIP = NO;
				DEBUG_INFORMATION_FORMAT = "dwarf-with-dsym";
				ENABLE_NS_ASSERTIONS = NO;
				ENABLE_STRICT_OBJC_MSGSEND = YES;
				GCC_C_LANGUAGE_STANDARD = gnu11;
				GCC_NO_COMMON_BLOCKS = YES;
				GCC_WARN_64_TO_32_BIT_CONVERSION = YES;
				GCC_WARN_ABOUT_RETURN_TYPE = YES_ERROR;
				GCC_WARN_UNDECLARED_SELECTOR = YES;
				GCC_WARN_UNINITIALIZED_AUTOS = YES_AGGRESSIVE;
				GCC_WARN_UNUSED_FUNCTION = YES;
				GCC_WARN_UNUSED_VARIABLE = YES;
				IPHONEOS_DEPLOYMENT_TARGET = 11.2;
				MTL_ENABLE_DEBUG_INFO = NO;
				SDKROOT = iphoneos;
				SWIFT_OPTIMIZATION_LEVEL = "-Owholemodule";
				VALIDATE_PRODUCT = YES;
			};
			name = Release;
		};
		60BBE4951FEE68D900D59D89 /* Debug */ = {
			isa = XCBuildConfiguration;
			buildSettings = {
				ASSETCATALOG_COMPILER_APPICON_NAME = AppIcon;
				CODE_SIGN_STYLE = Automatic;
				DEVELOPMENT_TEAM = E87RB5PK6M;
				INFOPLIST_FILE = WorldTrotterBNR/Info.plist;
				IPHONEOS_DEPLOYMENT_TARGET = 10.3;
				LD_RUNPATH_SEARCH_PATHS = "$(inherited) @executable_path/Frameworks";
				PRODUCT_BUNDLE_IDENTIFIER = AnatoliyChernyuk.WorldTrotterBNR;
				PRODUCT_NAME = "$(TARGET_NAME)";
				SWIFT_VERSION = 4.0;
				TARGETED_DEVICE_FAMILY = "1,2";
			};
			name = Debug;
		};
		60BBE4961FEE68D900D59D89 /* Release */ = {
			isa = XCBuildConfiguration;
			buildSettings = {
				ASSETCATALOG_COMPILER_APPICON_NAME = AppIcon;
				CODE_SIGN_STYLE = Automatic;
				DEVELOPMENT_TEAM = E87RB5PK6M;
				INFOPLIST_FILE = WorldTrotterBNR/Info.plist;
				IPHONEOS_DEPLOYMENT_TARGET = 10.3;
				LD_RUNPATH_SEARCH_PATHS = "$(inherited) @executable_path/Frameworks";
				PRODUCT_BUNDLE_IDENTIFIER = AnatoliyChernyuk.WorldTrotterBNR;
				PRODUCT_NAME = "$(TARGET_NAME)";
				SWIFT_VERSION = 4.0;
				TARGETED_DEVICE_FAMILY = "1,2";
			};
			name = Release;
		};
		60BBE4981FEE68D900D59D89 /* Debug */ = {
			isa = XCBuildConfiguration;
			buildSettings = {
				ALWAYS_EMBED_SWIFT_STANDARD_LIBRARIES = YES;
				BUNDLE_LOADER = "$(TEST_HOST)";
				CODE_SIGN_STYLE = Automatic;
				DEVELOPMENT_TEAM = E87RB5PK6M;
				INFOPLIST_FILE = WorldTrotterBNRTests/Info.plist;
				LD_RUNPATH_SEARCH_PATHS = "$(inherited) @executable_path/Frameworks @loader_path/Frameworks";
				PRODUCT_BUNDLE_IDENTIFIER = AnatoliyChernyuk.WorldTrotterBNRTests;
				PRODUCT_NAME = "$(TARGET_NAME)";
				SWIFT_VERSION = 4.0;
				TARGETED_DEVICE_FAMILY = "1,2";
				TEST_HOST = "$(BUILT_PRODUCTS_DIR)/WorldTrotterBNR.app/WorldTrotterBNR";
			};
			name = Debug;
		};
		60BBE4991FEE68D900D59D89 /* Release */ = {
			isa = XCBuildConfiguration;
			buildSettings = {
				ALWAYS_EMBED_SWIFT_STANDARD_LIBRARIES = YES;
				BUNDLE_LOADER = "$(TEST_HOST)";
				CODE_SIGN_STYLE = Automatic;
				DEVELOPMENT_TEAM = E87RB5PK6M;
				INFOPLIST_FILE = WorldTrotterBNRTests/Info.plist;
				LD_RUNPATH_SEARCH_PATHS = "$(inherited) @executable_path/Frameworks @loader_path/Frameworks";
				PRODUCT_BUNDLE_IDENTIFIER = AnatoliyChernyuk.WorldTrotterBNRTests;
				PRODUCT_NAME = "$(TARGET_NAME)";
				SWIFT_VERSION = 4.0;
				TARGETED_DEVICE_FAMILY = "1,2";
				TEST_HOST = "$(BUILT_PRODUCTS_DIR)/WorldTrotterBNR.app/WorldTrotterBNR";
			};
			name = Release;
		};
		60BBE49B1FEE68D900D59D89 /* Debug */ = {
			isa = XCBuildConfiguration;
			buildSettings = {
				ALWAYS_EMBED_SWIFT_STANDARD_LIBRARIES = YES;
				CODE_SIGN_STYLE = Automatic;
				DEVELOPMENT_TEAM = E87RB5PK6M;
				INFOPLIST_FILE = WorldTrotterBNRUITests/Info.plist;
				LD_RUNPATH_SEARCH_PATHS = "$(inherited) @executable_path/Frameworks @loader_path/Frameworks";
				PRODUCT_BUNDLE_IDENTIFIER = AnatoliyChernyuk.WorldTrotterBNRUITests;
				PRODUCT_NAME = "$(TARGET_NAME)";
				SWIFT_VERSION = 4.0;
				TARGETED_DEVICE_FAMILY = "1,2";
				TEST_TARGET_NAME = WorldTrotterBNR;
			};
			name = Debug;
		};
		60BBE49C1FEE68D900D59D89 /* Release */ = {
			isa = XCBuildConfiguration;
			buildSettings = {
				ALWAYS_EMBED_SWIFT_STANDARD_LIBRARIES = YES;
				CODE_SIGN_STYLE = Automatic;
				DEVELOPMENT_TEAM = E87RB5PK6M;
				INFOPLIST_FILE = WorldTrotterBNRUITests/Info.plist;
				LD_RUNPATH_SEARCH_PATHS = "$(inherited) @executable_path/Frameworks @loader_path/Frameworks";
				PRODUCT_BUNDLE_IDENTIFIER = AnatoliyChernyuk.WorldTrotterBNRUITests;
				PRODUCT_NAME = "$(TARGET_NAME)";
				SWIFT_VERSION = 4.0;
				TARGETED_DEVICE_FAMILY = "1,2";
				TEST_TARGET_NAME = WorldTrotterBNR;
			};
			name = Release;
		};
/* End XCBuildConfiguration section */

/* Begin XCConfigurationList section */
		60BBE4671FEE68D900D59D89 /* Build configuration list for PBXProject "WorldTrotterBNR" */ = {
			isa = XCConfigurationList;
			buildConfigurations = (
				60BBE4921FEE68D900D59D89 /* Debug */,
				60BBE4931FEE68D900D59D89 /* Release */,
			);
			defaultConfigurationIsVisible = 0;
			defaultConfigurationName = Release;
		};
		60BBE4941FEE68D900D59D89 /* Build configuration list for PBXNativeTarget "WorldTrotterBNR" */ = {
			isa = XCConfigurationList;
			buildConfigurations = (
				60BBE4951FEE68D900D59D89 /* Debug */,
				60BBE4961FEE68D900D59D89 /* Release */,
			);
			defaultConfigurationIsVisible = 0;
			defaultConfigurationName = Release;
		};
		60BBE4971FEE68D900D59D89 /* Build configuration list for PBXNativeTarget "WorldTrotterBNRTests" */ = {
			isa = XCConfigurationList;
			buildConfigurations = (
				60BBE4981FEE68D900D59D89 /* Debug */,
				60BBE4991FEE68D900D59D89 /* Release */,
			);
			defaultConfigurationIsVisible = 0;
			defaultConfigurationName = Release;
		};
		60BBE49A1FEE68D900D59D89 /* Build configuration list for PBXNativeTarget "WorldTrotterBNRUITests" */ = {
			isa = XCConfigurationList;
			buildConfigurations = (
				60BBE49B1FEE68D900D59D89 /* Debug */,
				60BBE49C1FEE68D900D59D89 /* Release */,
			);
			defaultConfigurationIsVisible = 0;
			defaultConfigurationName = Release;
		};
/* End XCConfigurationList section */
	};
	rootObject = 60BBE4641FEE68D900D59D89 /* Project object */;
}
